PODS:
  - AccountKit (4.31.0)
  - Flutter (1.0.0)
  - flutter_account_kit (0.0.1):
    - AccountKit
    - Flutter

DEPENDENCIES:
  - Flutter (from `.symlinks/flutter/ios`)
  - flutter_account_kit (from `.symlinks/plugins/flutter_account_kit/ios`)

SPEC REPOS:
  https://github.com/cocoapods/specs.git:
    - AccountKit

EXTERNAL SOURCES:
  Flutter:
    :path: ".symlinks/flutter/ios"
  flutter_account_kit:
    :path: ".symlinks/plugins/flutter_account_kit/ios"

SPEC CHECKSUMS:
  AccountKit: f3e48047e6fb1c433dff37c61158fd32bbc482cf
  Flutter: 58dd7d1b27887414a370fcccb9e645c08ffd7a6a
  flutter_account_kit: a770cb4dd69c5be7f816cbf769858c8d7d08d328

PODFILE CHECKSUM: 1e5af4103afd21ca5ead147d7b81d06f494f51a2

COCOAPODS: 1.6.0
